
Microsoft Visual Studio Solution File, Format Version 12.00
# Visual Studio 14
VisualStudioVersion = 14.0.25123.0
MinimumVisualStudioVersion = 10.0.40219.1
Project("{FAE04EC0-301F-11D3-BF4B-00C04F79EFBC}") = "PhotoshopWebsite", "PhotoshopWebsite\PhotoshopWebsite.csproj", "{45CDCFCC-9291-40AD-A272-0CD98DD9DBC0}"
EndProject
Project("{FAE04EC0-301F-11D3-BF4B-00C04F79EFBC}") = "UnitTestPhotoshopWebsite", "UnitTestPhotoshopWebsite\UnitTestPhotoshopWebsite.csproj", "{F2E295C7-6044-4C97-801F-45758FAD7D62}"
EndProject
Global
	GlobalSection(SolutionConfigurationPlatforms) = preSolution
		Debug|Any CPU = Debug|Any CPU
		Release|Any CPU = Release|Any CPU
	EndGlobalSection
	GlobalSection(ProjectConfigurationPlatforms) = postSolution
		{45CDCFCC-9291-40AD-A272-0CD98DD9DBC0}.Debug|Any CPU.ActiveCfg = Debug|Any CPU
		{45CDCFCC-9291-40AD-A272-0CD98DD9DBC0}.Debug|Any CPU.Build.0 = Debug|Any CPU
		{45CDCFCC-9291-40AD-A272-0CD98DD9DBC0}.Release|Any CPU.ActiveCfg = Release|Any CPU
		{45CDCFCC-9291-40AD-A272-0CD98DD9DBC0}.Release|Any CPU.Build.0 = Release|Any CPU
		{F2E295C7-6044-4C97-801F-45758FAD7D62}.Debug|Any CPU.ActiveCfg = Debug|Any CPU
		{F2E295C7-6044-4C97-801F-45758FAD7D62}.Debug|Any CPU.Build.0 = Debug|Any CPU
		{F2E295C7-6044-4C97-801F-45758FAD7D62}.Release|Any CPU.ActiveCfg = Release|Any CPU
		{F2E295C7-6044-4C97-801F-45758FAD7D62}.Release|Any CPU.Build.0 = Release|Any CPU
	EndGlobalSection
	GlobalSection(SolutionProperties) = preSolution
		HideSolutionNode = FALSE
	EndGlobalSection
EndGlobal
