
Microsoft Visual Studio Solution File, Format Version 12.00
# Visual Studio 14
VisualStudioVersion = 14.0.25123.0
MinimumVisualStudioVersion = 10.0.40219.1
Project("{FAE04EC0-301F-11D3-BF4B-00C04F79EFBC}") = "PhotoshopWebsite", "PhotoshopWebsite\PhotoshopWebsite.csproj", "{45CDCFCC-9291-40AD-A272-0CD98DD9DBC0}"
EndProject
Project("{FAE04EC0-301F-11D3-BF4B-00C04F79EFBC}") = "PhotoshopWebsiteTests", "PhotoshopWebsiteTests\PhotoshopWebsiteTests.csproj", "{BDDF6BE6-316F-4D9D-8044-76A54E52E96C}"
EndProject
Global
	GlobalSection(SolutionConfigurationPlatforms) = preSolution
		Debug|Any CPU = Debug|Any CPU
		Release|Any CPU = Release|Any CPU
	EndGlobalSection
	GlobalSection(ProjectConfigurationPlatforms) = postSolution
		{45CDCFCC-9291-40AD-A272-0CD98DD9DBC0}.Debug|Any CPU.ActiveCfg = Debug|Any CPU
		{45CDCFCC-9291-40AD-A272-0CD98DD9DBC0}.Debug|Any CPU.Build.0 = Debug|Any CPU
		{45CDCFCC-9291-40AD-A272-0CD98DD9DBC0}.Release|Any CPU.ActiveCfg = Release|Any CPU
		{45CDCFCC-9291-40AD-A272-0CD98DD9DBC0}.Release|Any CPU.Build.0 = Release|Any CPU
		{BDDF6BE6-316F-4D9D-8044-76A54E52E96C}.Debug|Any CPU.ActiveCfg = Debug|Any CPU
		{BDDF6BE6-316F-4D9D-8044-76A54E52E96C}.Debug|Any CPU.Build.0 = Debug|Any CPU
		{BDDF6BE6-316F-4D9D-8044-76A54E52E96C}.Release|Any CPU.ActiveCfg = Release|Any CPU
		{BDDF6BE6-316F-4D9D-8044-76A54E52E96C}.Release|Any CPU.Build.0 = Release|Any CPU
	EndGlobalSection
	GlobalSection(SolutionProperties) = preSolution
		HideSolutionNode = FALSE
	EndGlobalSection
EndGlobal
